
Microsoft Visual Studio Solution File, Format Version 12.00
# Visual Studio Version 17
VisualStudioVersion = 17.13.35919.96 d17.13
MinimumVisualStudioVersion = 10.0.40219.1
Project("{F184B08F-C81C-45F6-A57F-5ABD9991F28F}") = "01-AddingRibbonSupport", "01-AddingRibbonSupport\01-AddingRibbonSupport.vbproj", "{ABC4EB53-D485-5A9E-4309-36DDFC33298F}"
EndProject
Project("{F184B08F-C81C-45F6-A57F-5ABD9991F28F}") = "02-ApplicationMenuButton", "02-ApplicationMenuButton\02-ApplicationMenuButton.vbproj", "{BE07702E-B60C-FEFD-9529-985D518374BB}"
EndProject
Project("{F184B08F-C81C-45F6-A57F-5ABD9991F28F}") = "03-MenuDropDown", "03-MenuDropDown\03-MenuDropDown.vbproj", "{BDDCFDF8-DF57-66D5-A063-3F5957000C57}"
EndProject
Project("{F184B08F-C81C-45F6-A57F-5ABD9991F28F}") = "04-TabGroupHelp", "04-TabGroupHelp\04-TabGroupHelp.vbproj", "{77EB9337-1B1C-B751-4CF5-9778229532CA}"
EndProject
Project("{F184B08F-C81C-45F6-A57F-5ABD9991F28F}") = "05-Spinner", "05-Spinner\05-Spinner.vbproj", "{6C85283A-29EE-6868-1541-CC3D0EEA264C}"
EndProject
Project("{F184B08F-C81C-45F6-A57F-5ABD9991F28F}") = "06-ComboBox", "06-ComboBox\06-ComboBox.vbproj", "{B6EF42B3-D6CA-9B05-7E79-03032FEDC094}"
EndProject
Project("{F184B08F-C81C-45F6-A57F-5ABD9991F28F}") = "07-RibbonColor", "07-RibbonColor\07-RibbonColor.vbproj", "{C87D4219-937E-994B-6812-DBB035ED555E}"
EndProject
Project("{F184B08F-C81C-45F6-A57F-5ABD9991F28F}") = "08-Images", "08-Images\08-Images.vbproj", "{AE0D1BB9-0140-3240-DB27-54ACB9B22020}"
EndProject
Project("{F184B08F-C81C-45F6-A57F-5ABD9991F28F}") = "09-Galleries", "09-Galleries\09-Galleries.vbproj", "{86F268EB-7EC0-7E1F-4BEE-BD500C89BA4E}"
EndProject
Project("{F184B08F-C81C-45F6-A57F-5ABD9991F28F}") = "10-CheckBox", "10-CheckBox\10-CheckBox.vbproj", "{C47E5218-2A2E-2A8C-C35B-06AE238A99B7}"
EndProject
Project("{F184B08F-C81C-45F6-A57F-5ABD9991F28F}") = "11-DropDownColorPicker", "11-DropDownColorPicker\11-DropDownColorPicker.vbproj", "{CF9B545E-170A-A446-4826-D204ABB3D74A}"
EndProject
Project("{F184B08F-C81C-45F6-A57F-5ABD9991F28F}") = "12-FontControl", "12-FontControl\12-FontControl.vbproj", "{3D08A183-60CD-4379-24A3-C530C3270156}"
EndProject
Project("{F184B08F-C81C-45F6-A57F-5ABD9991F28F}") = "13-ApplicationModes", "13-ApplicationModes\13-ApplicationModes.vbproj", "{A3464E33-D684-3BE7-5CA6-F6C3AF45095C}"
EndProject
Project("{F184B08F-C81C-45F6-A57F-5ABD9991F28F}") = "14-ContextualTabs", "14-ContextualTabs\14-ContextualTabs.vbproj", "{FD1890AC-6C77-FECA-7992-969F11CDD126}"
EndProject
Project("{F184B08F-C81C-45F6-A57F-5ABD9991F28F}") = "15-ContextPopup", "15-ContextPopup\15-ContextPopup.vbproj", "{441655DF-B9BA-E875-2A91-CB1C9A3DA317}"
EndProject
Project("{F184B08F-C81C-45F6-A57F-5ABD9991F28F}") = "16-RecentItems", "16-RecentItems\16-RecentItems.vbproj", "{B7007F96-8EFE-3363-1D71-2F9D39A500D9}"
EndProject
Project("{F184B08F-C81C-45F6-A57F-5ABD9991F28F}") = "17-QuickAccessToolbar", "17-QuickAccessToolbar\17-QuickAccessToolbar.vbproj", "{0EF7ED15-B36B-7B9F-6C79-47211C92EDA4}"
EndProject
Project("{F184B08F-C81C-45F6-A57F-5ABD9991F28F}") = "18-SizeDefinition", "18-SizeDefinition\18-SizeDefinition.vbproj", "{AA484310-6BBB-F623-7098-0D206280CEE0}"
EndProject
Project("{F184B08F-C81C-45F6-A57F-5ABD9991F28F}") = "19-Localization", "19-Localization\19-Localization.vbproj", "{3E92A0D8-93DF-6095-CF33-8366EC818B9C}"
EndProject
Global
	GlobalSection(SolutionConfigurationPlatforms) = preSolution
		Debug|Any CPU = Debug|Any CPU
		Release|Any CPU = Release|Any CPU
	EndGlobalSection
	GlobalSection(ProjectConfigurationPlatforms) = postSolution
		{ABC4EB53-D485-5A9E-4309-36DDFC33298F}.Debug|Any CPU.ActiveCfg = Debug|Any CPU
		{ABC4EB53-D485-5A9E-4309-36DDFC33298F}.Debug|Any CPU.Build.0 = Debug|Any CPU
		{ABC4EB53-D485-5A9E-4309-36DDFC33298F}.Release|Any CPU.ActiveCfg = Release|Any CPU
		{ABC4EB53-D485-5A9E-4309-36DDFC33298F}.Release|Any CPU.Build.0 = Release|Any CPU
		{BE07702E-B60C-FEFD-9529-985D518374BB}.Debug|Any CPU.ActiveCfg = Debug|Any CPU
		{BE07702E-B60C-FEFD-9529-985D518374BB}.Debug|Any CPU.Build.0 = Debug|Any CPU
		{BE07702E-B60C-FEFD-9529-985D518374BB}.Release|Any CPU.ActiveCfg = Release|Any CPU
		{BE07702E-B60C-FEFD-9529-985D518374BB}.Release|Any CPU.Build.0 = Release|Any CPU
		{BDDCFDF8-DF57-66D5-A063-3F5957000C57}.Debug|Any CPU.ActiveCfg = Debug|Any CPU
		{BDDCFDF8-DF57-66D5-A063-3F5957000C57}.Debug|Any CPU.Build.0 = Debug|Any CPU
		{BDDCFDF8-DF57-66D5-A063-3F5957000C57}.Release|Any CPU.ActiveCfg = Release|Any CPU
		{BDDCFDF8-DF57-66D5-A063-3F5957000C57}.Release|Any CPU.Build.0 = Release|Any CPU
		{77EB9337-1B1C-B751-4CF5-9778229532CA}.Debug|Any CPU.ActiveCfg = Debug|Any CPU
		{77EB9337-1B1C-B751-4CF5-9778229532CA}.Debug|Any CPU.Build.0 = Debug|Any CPU
		{77EB9337-1B1C-B751-4CF5-9778229532CA}.Release|Any CPU.ActiveCfg = Release|Any CPU
		{77EB9337-1B1C-B751-4CF5-9778229532CA}.Release|Any CPU.Build.0 = Release|Any CPU
		{6C85283A-29EE-6868-1541-CC3D0EEA264C}.Debug|Any CPU.ActiveCfg = Debug|Any CPU
		{6C85283A-29EE-6868-1541-CC3D0EEA264C}.Debug|Any CPU.Build.0 = Debug|Any CPU
		{6C85283A-29EE-6868-1541-CC3D0EEA264C}.Release|Any CPU.ActiveCfg = Release|Any CPU
		{6C85283A-29EE-6868-1541-CC3D0EEA264C}.Release|Any CPU.Build.0 = Release|Any CPU
		{B6EF42B3-D6CA-9B05-7E79-03032FEDC094}.Debug|Any CPU.ActiveCfg = Debug|Any CPU
		{B6EF42B3-D6CA-9B05-7E79-03032FEDC094}.Debug|Any CPU.Build.0 = Debug|Any CPU
		{B6EF42B3-D6CA-9B05-7E79-03032FEDC094}.Release|Any CPU.ActiveCfg = Release|Any CPU
		{B6EF42B3-D6CA-9B05-7E79-03032FEDC094}.Release|Any CPU.Build.0 = Release|Any CPU
		{C87D4219-937E-994B-6812-DBB035ED555E}.Debug|Any CPU.ActiveCfg = Debug|Any CPU
		{C87D4219-937E-994B-6812-DBB035ED555E}.Debug|Any CPU.Build.0 = Debug|Any CPU
		{C87D4219-937E-994B-6812-DBB035ED555E}.Release|Any CPU.ActiveCfg = Release|Any CPU
		{C87D4219-937E-994B-6812-DBB035ED555E}.Release|Any CPU.Build.0 = Release|Any CPU
		{AE0D1BB9-0140-3240-DB27-54ACB9B22020}.Debug|Any CPU.ActiveCfg = Debug|Any CPU
		{AE0D1BB9-0140-3240-DB27-54ACB9B22020}.Debug|Any CPU.Build.0 = Debug|Any CPU
		{AE0D1BB9-0140-3240-DB27-54ACB9B22020}.Release|Any CPU.ActiveCfg = Release|Any CPU
		{AE0D1BB9-0140-3240-DB27-54ACB9B22020}.Release|Any CPU.Build.0 = Release|Any CPU
		{86F268EB-7EC0-7E1F-4BEE-BD500C89BA4E}.Debug|Any CPU.ActiveCfg = Debug|Any CPU
		{86F268EB-7EC0-7E1F-4BEE-BD500C89BA4E}.Debug|Any CPU.Build.0 = Debug|Any CPU
		{86F268EB-7EC0-7E1F-4BEE-BD500C89BA4E}.Release|Any CPU.ActiveCfg = Release|Any CPU
		{86F268EB-7EC0-7E1F-4BEE-BD500C89BA4E}.Release|Any CPU.Build.0 = Release|Any CPU
		{C47E5218-2A2E-2A8C-C35B-06AE238A99B7}.Debug|Any CPU.ActiveCfg = Debug|Any CPU
		{C47E5218-2A2E-2A8C-C35B-06AE238A99B7}.Debug|Any CPU.Build.0 = Debug|Any CPU
		{C47E5218-2A2E-2A8C-C35B-06AE238A99B7}.Release|Any CPU.ActiveCfg = Release|Any CPU
		{C47E5218-2A2E-2A8C-C35B-06AE238A99B7}.Release|Any CPU.Build.0 = Release|Any CPU
		{CF9B545E-170A-A446-4826-D204ABB3D74A}.Debug|Any CPU.ActiveCfg = Debug|Any CPU
		{CF9B545E-170A-A446-4826-D204ABB3D74A}.Debug|Any CPU.Build.0 = Debug|Any CPU
		{CF9B545E-170A-A446-4826-D204ABB3D74A}.Release|Any CPU.ActiveCfg = Release|Any CPU
		{CF9B545E-170A-A446-4826-D204ABB3D74A}.Release|Any CPU.Build.0 = Release|Any CPU
		{3D08A183-60CD-4379-24A3-C530C3270156}.Debug|Any CPU.ActiveCfg = Debug|Any CPU
		{3D08A183-60CD-4379-24A3-C530C3270156}.Debug|Any CPU.Build.0 = Debug|Any CPU
		{3D08A183-60CD-4379-24A3-C530C3270156}.Release|Any CPU.ActiveCfg = Release|Any CPU
		{3D08A183-60CD-4379-24A3-C530C3270156}.Release|Any CPU.Build.0 = Release|Any CPU
		{A3464E33-D684-3BE7-5CA6-F6C3AF45095C}.Debug|Any CPU.ActiveCfg = Debug|Any CPU
		{A3464E33-D684-3BE7-5CA6-F6C3AF45095C}.Debug|Any CPU.Build.0 = Debug|Any CPU
		{A3464E33-D684-3BE7-5CA6-F6C3AF45095C}.Release|Any CPU.ActiveCfg = Release|Any CPU
		{A3464E33-D684-3BE7-5CA6-F6C3AF45095C}.Release|Any CPU.Build.0 = Release|Any CPU
		{FD1890AC-6C77-FECA-7992-969F11CDD126}.Debug|Any CPU.ActiveCfg = Debug|Any CPU
		{FD1890AC-6C77-FECA-7992-969F11CDD126}.Debug|Any CPU.Build.0 = Debug|Any CPU
		{FD1890AC-6C77-FECA-7992-969F11CDD126}.Release|Any CPU.ActiveCfg = Release|Any CPU
		{FD1890AC-6C77-FECA-7992-969F11CDD126}.Release|Any CPU.Build.0 = Release|Any CPU
		{441655DF-B9BA-E875-2A91-CB1C9A3DA317}.Debug|Any CPU.ActiveCfg = Debug|Any CPU
		{441655DF-B9BA-E875-2A91-CB1C9A3DA317}.Debug|Any CPU.Build.0 = Debug|Any CPU
		{441655DF-B9BA-E875-2A91-CB1C9A3DA317}.Release|Any CPU.ActiveCfg = Release|Any CPU
		{441655DF-B9BA-E875-2A91-CB1C9A3DA317}.Release|Any CPU.Build.0 = Release|Any CPU
		{B7007F96-8EFE-3363-1D71-2F9D39A500D9}.Debug|Any CPU.ActiveCfg = Debug|Any CPU
		{B7007F96-8EFE-3363-1D71-2F9D39A500D9}.Debug|Any CPU.Build.0 = Debug|Any CPU
		{B7007F96-8EFE-3363-1D71-2F9D39A500D9}.Release|Any CPU.ActiveCfg = Release|Any CPU
		{B7007F96-8EFE-3363-1D71-2F9D39A500D9}.Release|Any CPU.Build.0 = Release|Any CPU
		{0EF7ED15-B36B-7B9F-6C79-47211C92EDA4}.Debug|Any CPU.ActiveCfg = Debug|Any CPU
		{0EF7ED15-B36B-7B9F-6C79-47211C92EDA4}.Debug|Any CPU.Build.0 = Debug|Any CPU
		{0EF7ED15-B36B-7B9F-6C79-47211C92EDA4}.Release|Any CPU.ActiveCfg = Release|Any CPU
		{0EF7ED15-B36B-7B9F-6C79-47211C92EDA4}.Release|Any CPU.Build.0 = Release|Any CPU
		{AA484310-6BBB-F623-7098-0D206280CEE0}.Debug|Any CPU.ActiveCfg = Debug|Any CPU
		{AA484310-6BBB-F623-7098-0D206280CEE0}.Debug|Any CPU.Build.0 = Debug|Any CPU
		{AA484310-6BBB-F623-7098-0D206280CEE0}.Release|Any CPU.ActiveCfg = Release|Any CPU
		{AA484310-6BBB-F623-7098-0D206280CEE0}.Release|Any CPU.Build.0 = Release|Any CPU
		{3E92A0D8-93DF-6095-CF33-8366EC818B9C}.Debug|Any CPU.ActiveCfg = Debug|Any CPU
		{3E92A0D8-93DF-6095-CF33-8366EC818B9C}.Debug|Any CPU.Build.0 = Debug|Any CPU
		{3E92A0D8-93DF-6095-CF33-8366EC818B9C}.Release|Any CPU.ActiveCfg = Release|Any CPU
		{3E92A0D8-93DF-6095-CF33-8366EC818B9C}.Release|Any CPU.Build.0 = Release|Any CPU
	EndGlobalSection
	GlobalSection(SolutionProperties) = preSolution
		HideSolutionNode = FALSE
	EndGlobalSection
	GlobalSection(ExtensibilityGlobals) = postSolution
		SolutionGuid = {F6662CD3-91B6-45DA-BE63-9F3EFD7483E6}
	EndGlobalSection
EndGlobal
