
Microsoft Visual Studio Solution File, Format Version 12.00
# Visual Studio Version 17
VisualStudioVersion = 17.13.35828.75 d17.13
MinimumVisualStudioVersion = 10.0.40219.1
Project("{FAE04EC0-301F-11D3-BF4B-00C04F79EFBC}") = "10-CheckBox", "10-CheckBox.csproj", "{DDC3B93B-CACF-62CB-694A-7E46784BAC5B}"
EndProject
Global
	GlobalSection(SolutionConfigurationPlatforms) = preSolution
		Debug|Any CPU = Debug|Any CPU
		Release|Any CPU = Release|Any CPU
	EndGlobalSection
	GlobalSection(ProjectConfigurationPlatforms) = postSolution
		{DDC3B93B-CACF-62CB-694A-7E46784BAC5B}.Debug|Any CPU.ActiveCfg = Debug|Any CPU
		{DDC3B93B-CACF-62CB-694A-7E46784BAC5B}.Debug|Any CPU.Build.0 = Debug|Any CPU
		{DDC3B93B-CACF-62CB-694A-7E46784BAC5B}.Release|Any CPU.ActiveCfg = Release|Any CPU
		{DDC3B93B-CACF-62CB-694A-7E46784BAC5B}.Release|Any CPU.Build.0 = Release|Any CPU
	EndGlobalSection
	GlobalSection(SolutionProperties) = preSolution
		HideSolutionNode = FALSE
	EndGlobalSection
	GlobalSection(ExtensibilityGlobals) = postSolution
		SolutionGuid = {E8CCEB89-44EC-4485-8037-EAA37F43B42A}
	EndGlobalSection
EndGlobal
