
Microsoft Visual Studio Solution File, Format Version 12.00
# Visual Studio Version 17
VisualStudioVersion = 17.13.35828.75 d17.13
MinimumVisualStudioVersion = 10.0.40219.1
Project("{FAE04EC0-301F-11D3-BF4B-00C04F79EFBC}") = "15-ContextPopup", "15-ContextPopup.csproj", "{E2B17A47-4601-A961-42A4-6CF7ACDC3204}"
EndProject
Global
	GlobalSection(SolutionConfigurationPlatforms) = preSolution
		Debug|Any CPU = Debug|Any CPU
		Release|Any CPU = Release|Any CPU
	EndGlobalSection
	GlobalSection(ProjectConfigurationPlatforms) = postSolution
		{E2B17A47-4601-A961-42A4-6CF7ACDC3204}.Debug|Any CPU.ActiveCfg = Debug|Any CPU
		{E2B17A47-4601-A961-42A4-6CF7ACDC3204}.Debug|Any CPU.Build.0 = Debug|Any CPU
		{E2B17A47-4601-A961-42A4-6CF7ACDC3204}.Release|Any CPU.ActiveCfg = Release|Any CPU
		{E2B17A47-4601-A961-42A4-6CF7ACDC3204}.Release|Any CPU.Build.0 = Release|Any CPU
	EndGlobalSection
	GlobalSection(SolutionProperties) = preSolution
		HideSolutionNode = FALSE
	EndGlobalSection
	GlobalSection(ExtensibilityGlobals) = postSolution
		SolutionGuid = {7DA29FEF-02B6-4487-8B47-B36CD740B186}
	EndGlobalSection
EndGlobal
