
Microsoft Visual Studio Solution File, Format Version 12.00
# Visual Studio Version 17
VisualStudioVersion = 17.13.35828.75 d17.13
MinimumVisualStudioVersion = 10.0.40219.1
Project("{FAE04EC0-301F-11D3-BF4B-00C04F79EFBC}") = "03-MenuDropDown", "03-MenuDropDown.csproj", "{9EE1CF41-D880-4881-2466-3490CF380F0C}"
EndProject
Global
	GlobalSection(SolutionConfigurationPlatforms) = preSolution
		Debug|Any CPU = Debug|Any CPU
		Release|Any CPU = Release|Any CPU
	EndGlobalSection
	GlobalSection(ProjectConfigurationPlatforms) = postSolution
		{9EE1CF41-D880-4881-2466-3490CF380F0C}.Debug|Any CPU.ActiveCfg = Debug|Any CPU
		{9EE1CF41-D880-4881-2466-3490CF380F0C}.Debug|Any CPU.Build.0 = Debug|Any CPU
		{9EE1CF41-D880-4881-2466-3490CF380F0C}.Release|Any CPU.ActiveCfg = Release|Any CPU
		{9EE1CF41-D880-4881-2466-3490CF380F0C}.Release|Any CPU.Build.0 = Release|Any CPU
	EndGlobalSection
	GlobalSection(SolutionProperties) = preSolution
		HideSolutionNode = FALSE
	EndGlobalSection
	GlobalSection(ExtensibilityGlobals) = postSolution
		SolutionGuid = {D260449F-F2B8-49B9-96FD-8DFC6B590045}
	EndGlobalSection
EndGlobal
