
Microsoft Visual Studio Solution File, Format Version 12.00
# Visual Studio Version 17
VisualStudioVersion = 17.13.35828.75 d17.13
MinimumVisualStudioVersion = 10.0.40219.1
Project("{FAE04EC0-301F-11D3-BF4B-00C04F79EFBC}") = "08-Images", "08-Images.csproj", "{CE3743F4-D3A4-E536-F754-D32DC77F4D39}"
EndProject
Global
	GlobalSection(SolutionConfigurationPlatforms) = preSolution
		Debug|Any CPU = Debug|Any CPU
		Release|Any CPU = Release|Any CPU
	EndGlobalSection
	GlobalSection(ProjectConfigurationPlatforms) = postSolution
		{CE3743F4-D3A4-E536-F754-D32DC77F4D39}.Debug|Any CPU.ActiveCfg = Debug|Any CPU
		{CE3743F4-D3A4-E536-F754-D32DC77F4D39}.Debug|Any CPU.Build.0 = Debug|Any CPU
		{CE3743F4-D3A4-E536-F754-D32DC77F4D39}.Release|Any CPU.ActiveCfg = Release|Any CPU
		{CE3743F4-D3A4-E536-F754-D32DC77F4D39}.Release|Any CPU.Build.0 = Release|Any CPU
	EndGlobalSection
	GlobalSection(SolutionProperties) = preSolution
		HideSolutionNode = FALSE
	EndGlobalSection
	GlobalSection(ExtensibilityGlobals) = postSolution
		SolutionGuid = {9D898FBB-D6C4-43F1-8B7E-815C2422FD48}
	EndGlobalSection
EndGlobal
